
Microsoft Visual Studio Solution File, Format Version 12.00
# Visual Studio Version 16
VisualStudioVersion = 16.0.31624.102
MinimumVisualStudioVersion = 10.0.40219.1
Project("{8BC9CEB8-8B4A-11D0-8D11-00A0C91BC942}") = "_graf_s", "_graf_s\_graf_s.vcxproj", "{CE7C669F-C83C-4980-8977-A7567D2E599A}"
EndProject
Global
	GlobalSection(SolutionConfigurationPlatforms) = preSolution
		Debug|x64 = Debug|x64
		Debug|x86 = Debug|x86
		Release|x64 = Release|x64
		Release|x86 = Release|x86
	EndGlobalSection
	GlobalSection(ProjectConfigurationPlatforms) = postSolution
		{CE7C669F-C83C-4980-8977-A7567D2E599A}.Debug|x64.ActiveCfg = Debug|x64
		{CE7C669F-C83C-4980-8977-A7567D2E599A}.Debug|x64.Build.0 = Debug|x64
		{CE7C669F-C83C-4980-8977-A7567D2E599A}.Debug|x86.ActiveCfg = Debug|Win32
		{CE7C669F-C83C-4980-8977-A7567D2E599A}.Debug|x86.Build.0 = Debug|Win32
		{CE7C669F-C83C-4980-8977-A7567D2E599A}.Release|x64.ActiveCfg = Release|x64
		{CE7C669F-C83C-4980-8977-A7567D2E599A}.Release|x64.Build.0 = Release|x64
		{CE7C669F-C83C-4980-8977-A7567D2E599A}.Release|x86.ActiveCfg = Release|Win32
		{CE7C669F-C83C-4980-8977-A7567D2E599A}.Release|x86.Build.0 = Release|Win32
	EndGlobalSection
	GlobalSection(SolutionProperties) = preSolution
		HideSolutionNode = FALSE
	EndGlobalSection
	GlobalSection(ExtensibilityGlobals) = postSolution
		SolutionGuid = {EA0AC6D8-5BE9-40DA-8D2B-A78297B2A3EE}
	EndGlobalSection
EndGlobal
